
Microsoft Visual Studio Solution File, Format Version 12.00
# Visual Studio Version 17
VisualStudioVersion = 17.0.31611.283
MinimumVisualStudioVersion = 10.0.40219.1
Project("{9A19103F-16F7-4668-BE54-9A1E7A4F7556}") = "MatoMusic-GestureUI", "MatoMusic-GestureUI\MatoMusic-GestureUI.csproj", "{79C3D147-A70E-4CF2-B197-B0EEF856FD22}"
EndProject
Project("{9A19103F-16F7-4668-BE54-9A1E7A4F7556}") = "MatoMusic.Core", "MatoMusic.Core\MatoMusic.Core.csproj", "{CCCFD1D7-EC87-4D6B-8FCD-B0E167325D72}"
EndProject
Project("{9A19103F-16F7-4668-BE54-9A1E7A4F7556}") = "HoldAndSpeak", "HoldAndSpeak\HoldAndSpeak.csproj", "{A7231DEA-EC62-406E-B060-241E4B091AD3}"
EndProject
Project("{2150E333-8FDC-42A3-9474-1A3956D46DE8}") = "Common", "Common", "{0C2B7A31-7B39-4CBE-9CDD-9888E570A249}"
EndProject
Project("{9A19103F-16F7-4668-BE54-9A1E7A4F7556}") = "MauiSample.Common", "MauiSample.Common\MauiSample.Common.csproj", "{D8D18218-866A-4B60-BD9E-AB7F2D1A60A2}"
EndProject
Project("{9A19103F-16F7-4668-BE54-9A1E7A4F7556}") = "CloudMusicGroove", "CloudMusicGroove\CloudMusicGroove.csproj", "{79D42C7E-7FB7-41FE-BD28-65BF81A79BF0}"
EndProject
Project("{9A19103F-16F7-4668-BE54-9A1E7A4F7556}") = "StickyTab", "StickyTab\StickyTab.csproj", "{9268DD79-F1D1-44CA-8BB0-ABEF91F512AF}"
EndProject
Project("{9A19103F-16F7-4668-BE54-9A1E7A4F7556}") = "HoldDownButtonGroup", "HoldDownButtonGroup\HoldDownButtonGroup.csproj", "{138FB5A3-2D70-485B-B962-537EE55380AD}"
EndProject
Global
	GlobalSection(SolutionConfigurationPlatforms) = preSolution
		Debug|Any CPU = Debug|Any CPU
		Release|Any CPU = Release|Any CPU
	EndGlobalSection
	GlobalSection(ProjectConfigurationPlatforms) = postSolution
		{79C3D147-A70E-4CF2-B197-B0EEF856FD22}.Debug|Any CPU.ActiveCfg = Debug|Any CPU
		{79C3D147-A70E-4CF2-B197-B0EEF856FD22}.Debug|Any CPU.Build.0 = Debug|Any CPU
		{79C3D147-A70E-4CF2-B197-B0EEF856FD22}.Debug|Any CPU.Deploy.0 = Debug|Any CPU
		{79C3D147-A70E-4CF2-B197-B0EEF856FD22}.Release|Any CPU.ActiveCfg = Release|Any CPU
		{79C3D147-A70E-4CF2-B197-B0EEF856FD22}.Release|Any CPU.Build.0 = Release|Any CPU
		{79C3D147-A70E-4CF2-B197-B0EEF856FD22}.Release|Any CPU.Deploy.0 = Release|Any CPU
		{CCCFD1D7-EC87-4D6B-8FCD-B0E167325D72}.Debug|Any CPU.ActiveCfg = Debug|Any CPU
		{CCCFD1D7-EC87-4D6B-8FCD-B0E167325D72}.Debug|Any CPU.Build.0 = Debug|Any CPU
		{CCCFD1D7-EC87-4D6B-8FCD-B0E167325D72}.Release|Any CPU.ActiveCfg = Release|Any CPU
		{CCCFD1D7-EC87-4D6B-8FCD-B0E167325D72}.Release|Any CPU.Build.0 = Release|Any CPU
		{A7231DEA-EC62-406E-B060-241E4B091AD3}.Debug|Any CPU.ActiveCfg = Debug|Any CPU
		{A7231DEA-EC62-406E-B060-241E4B091AD3}.Debug|Any CPU.Build.0 = Debug|Any CPU
		{A7231DEA-EC62-406E-B060-241E4B091AD3}.Debug|Any CPU.Deploy.0 = Debug|Any CPU
		{A7231DEA-EC62-406E-B060-241E4B091AD3}.Release|Any CPU.ActiveCfg = Release|Any CPU
		{A7231DEA-EC62-406E-B060-241E4B091AD3}.Release|Any CPU.Build.0 = Release|Any CPU
		{A7231DEA-EC62-406E-B060-241E4B091AD3}.Release|Any CPU.Deploy.0 = Release|Any CPU
		{D8D18218-866A-4B60-BD9E-AB7F2D1A60A2}.Debug|Any CPU.ActiveCfg = Debug|Any CPU
		{D8D18218-866A-4B60-BD9E-AB7F2D1A60A2}.Debug|Any CPU.Build.0 = Debug|Any CPU
		{D8D18218-866A-4B60-BD9E-AB7F2D1A60A2}.Release|Any CPU.ActiveCfg = Release|Any CPU
		{D8D18218-866A-4B60-BD9E-AB7F2D1A60A2}.Release|Any CPU.Build.0 = Release|Any CPU
		{79D42C7E-7FB7-41FE-BD28-65BF81A79BF0}.Debug|Any CPU.ActiveCfg = Debug|Any CPU
		{79D42C7E-7FB7-41FE-BD28-65BF81A79BF0}.Debug|Any CPU.Build.0 = Debug|Any CPU
		{79D42C7E-7FB7-41FE-BD28-65BF81A79BF0}.Debug|Any CPU.Deploy.0 = Debug|Any CPU
		{79D42C7E-7FB7-41FE-BD28-65BF81A79BF0}.Release|Any CPU.ActiveCfg = Release|Any CPU
		{79D42C7E-7FB7-41FE-BD28-65BF81A79BF0}.Release|Any CPU.Build.0 = Release|Any CPU
		{79D42C7E-7FB7-41FE-BD28-65BF81A79BF0}.Release|Any CPU.Deploy.0 = Release|Any CPU
		{9268DD79-F1D1-44CA-8BB0-ABEF91F512AF}.Debug|Any CPU.ActiveCfg = Debug|Any CPU
		{9268DD79-F1D1-44CA-8BB0-ABEF91F512AF}.Debug|Any CPU.Build.0 = Debug|Any CPU
		{9268DD79-F1D1-44CA-8BB0-ABEF91F512AF}.Debug|Any CPU.Deploy.0 = Debug|Any CPU
		{9268DD79-F1D1-44CA-8BB0-ABEF91F512AF}.Release|Any CPU.ActiveCfg = Release|Any CPU
		{9268DD79-F1D1-44CA-8BB0-ABEF91F512AF}.Release|Any CPU.Build.0 = Release|Any CPU
		{9268DD79-F1D1-44CA-8BB0-ABEF91F512AF}.Release|Any CPU.Deploy.0 = Release|Any CPU
		{138FB5A3-2D70-485B-B962-537EE55380AD}.Debug|Any CPU.ActiveCfg = Debug|Any CPU
		{138FB5A3-2D70-485B-B962-537EE55380AD}.Debug|Any CPU.Build.0 = Debug|Any CPU
		{138FB5A3-2D70-485B-B962-537EE55380AD}.Debug|Any CPU.Deploy.0 = Debug|Any CPU
		{138FB5A3-2D70-485B-B962-537EE55380AD}.Release|Any CPU.ActiveCfg = Release|Any CPU
		{138FB5A3-2D70-485B-B962-537EE55380AD}.Release|Any CPU.Build.0 = Release|Any CPU
		{138FB5A3-2D70-485B-B962-537EE55380AD}.Release|Any CPU.Deploy.0 = Release|Any CPU
	EndGlobalSection
	GlobalSection(SolutionProperties) = preSolution
		HideSolutionNode = FALSE
	EndGlobalSection
	GlobalSection(NestedProjects) = preSolution
		{CCCFD1D7-EC87-4D6B-8FCD-B0E167325D72} = {0C2B7A31-7B39-4CBE-9CDD-9888E570A249}
		{D8D18218-866A-4B60-BD9E-AB7F2D1A60A2} = {0C2B7A31-7B39-4CBE-9CDD-9888E570A249}
	EndGlobalSection
	GlobalSection(ExtensibilityGlobals) = postSolution
		SolutionGuid = {61F7FB11-1E47-470C-91E2-47F8143E1572}
	EndGlobalSection
EndGlobal
